
Microsoft Visual Studio Solution File, Format Version 12.00
# Visual Studio Version 17
VisualStudioVersion = 17.12.35707.178 d17.12
MinimumVisualStudioVersion = 10.0.40219.1
Project("{FAE04EC0-301F-11D3-BF4B-00C04F79EFBC}") = "Lab4_IT", "Lab4_IT.csproj", "{8570646B-757F-4D89-8541-3651FF3BDBBA}"
EndProject
Global
	GlobalSection(SolutionConfigurationPlatforms) = preSolution
		Debug|Any CPU = Debug|Any CPU
		Release|Any CPU = Release|Any CPU
	EndGlobalSection
	GlobalSection(ProjectConfigurationPlatforms) = postSolution
		{8570646B-757F-4D89-8541-3651FF3BDBBA}.Debug|Any CPU.ActiveCfg = Debug|Any CPU
		{8570646B-757F-4D89-8541-3651FF3BDBBA}.Debug|Any CPU.Build.0 = Debug|Any CPU
		{8570646B-757F-4D89-8541-3651FF3BDBBA}.Release|Any CPU.ActiveCfg = Release|Any CPU
		{8570646B-757F-4D89-8541-3651FF3BDBBA}.Release|Any CPU.Build.0 = Release|Any CPU
	EndGlobalSection
	GlobalSection(SolutionProperties) = preSolution
		HideSolutionNode = FALSE
	EndGlobalSection
EndGlobal
